
Microsoft Visual Studio Solution File, Format Version 12.00
# Visual Studio Version 17
VisualStudioVersion = 17.14.36930.0 d17.14
MinimumVisualStudioVersion = 10.0.40219.1
Project("{FAE04EC0-301F-11D3-BF4B-00C04F79EFBC}") = "Jan2026ProductsUIApp", "Jan2026ProductsUIApp.csproj", "{B18218BB-72CB-4FFB-98A5-B941A8977B28}"
EndProject
Global
	GlobalSection(SolutionConfigurationPlatforms) = preSolution
		Debug|Any CPU = Debug|Any CPU
		Release|Any CPU = Release|Any CPU
	EndGlobalSection
	GlobalSection(ProjectConfigurationPlatforms) = postSolution
		{B18218BB-72CB-4FFB-98A5-B941A8977B28}.Debug|Any CPU.ActiveCfg = Debug|Any CPU
		{B18218BB-72CB-4FFB-98A5-B941A8977B28}.Debug|Any CPU.Build.0 = Debug|Any CPU
		{B18218BB-72CB-4FFB-98A5-B941A8977B28}.Release|Any CPU.ActiveCfg = Release|Any CPU
		{B18218BB-72CB-4FFB-98A5-B941A8977B28}.Release|Any CPU.Build.0 = Release|Any CPU
	EndGlobalSection
	GlobalSection(SolutionProperties) = preSolution
		HideSolutionNode = FALSE
	EndGlobalSection
	GlobalSection(ExtensibilityGlobals) = postSolution
		SolutionGuid = {FC03B5FB-8407-42CA-8C5D-73DD14DA85C9}
	EndGlobalSection
EndGlobal
